
Microsoft Visual Studio Solution File, Format Version 12.00
# Visual Studio Version 17
VisualStudioVersion = 17.14.36623.8 d17.14
MinimumVisualStudioVersion = 10.0.40219.1
Project("{FAE04EC0-301F-11D3-BF4B-00C04F79EFBC}") = "quanlyhocvien", "quanlyhocvien\quanlyhocvien.csproj", "{BB048180-90BF-4BAF-975D-5CBFF8191104}"
EndProject
Global
	GlobalSection(SolutionConfigurationPlatforms) = preSolution
		Debug|Any CPU = Debug|Any CPU
		Release|Any CPU = Release|Any CPU
	EndGlobalSection
	GlobalSection(ProjectConfigurationPlatforms) = postSolution
		{BB048180-90BF-4BAF-975D-5CBFF8191104}.Debug|Any CPU.ActiveCfg = Debug|Any CPU
		{BB048180-90BF-4BAF-975D-5CBFF8191104}.Debug|Any CPU.Build.0 = Debug|Any CPU
		{BB048180-90BF-4BAF-975D-5CBFF8191104}.Release|Any CPU.ActiveCfg = Release|Any CPU
		{BB048180-90BF-4BAF-975D-5CBFF8191104}.Release|Any CPU.Build.0 = Release|Any CPU
	EndGlobalSection
	GlobalSection(SolutionProperties) = preSolution
		HideSolutionNode = FALSE
	EndGlobalSection
	GlobalSection(ExtensibilityGlobals) = postSolution
		SolutionGuid = {A745899C-E73A-49F5-B20D-0304EF6A4FC8}
	EndGlobalSection
EndGlobal
